
Microsoft Visual Studio Solution File, Format Version 12.00
# Visual Studio Version 17
VisualStudioVersion = 17.6.33723.286
MinimumVisualStudioVersion = 10.0.40219.1
Project("{2150E333-8FDC-42A3-9474-1A3956D46DE8}") = "src", "src", "{58658512-2860-4925-AAF6-08EA9AF085F4}"
EndProject
Project("{FAE04EC0-301F-11D3-BF4B-00C04F79EFBC}") = "uygulama.simsek.web", "uygulama.simsek.web\uygulama.simsek.web.csproj", "{F2109B2F-EA1F-438D-A2D7-121501ECB147}"
EndProject
Global
	GlobalSection(SolutionConfigurationPlatforms) = preSolution
		Debug|Any CPU = Debug|Any CPU
		Release|Any CPU = Release|Any CPU
	EndGlobalSection
	GlobalSection(ProjectConfigurationPlatforms) = postSolution
		{F2109B2F-EA1F-438D-A2D7-121501ECB147}.Debug|Any CPU.ActiveCfg = Debug|Any CPU
		{F2109B2F-EA1F-438D-A2D7-121501ECB147}.Debug|Any CPU.Build.0 = Debug|Any CPU
		{F2109B2F-EA1F-438D-A2D7-121501ECB147}.Release|Any CPU.ActiveCfg = Release|Any CPU
		{F2109B2F-EA1F-438D-A2D7-121501ECB147}.Release|Any CPU.Build.0 = Release|Any CPU
	EndGlobalSection
	GlobalSection(SolutionProperties) = preSolution
		HideSolutionNode = FALSE
	EndGlobalSection
	GlobalSection(NestedProjects) = preSolution
		{F2109B2F-EA1F-438D-A2D7-121501ECB147} = {58658512-2860-4925-AAF6-08EA9AF085F4}
	EndGlobalSection
	GlobalSection(ExtensibilityGlobals) = postSolution
		SolutionGuid = {FD86A904-6EE7-44A7-84D1-4B3D3C37A649}
	EndGlobalSection
EndGlobal
